
Microsoft Visual Studio Solution File, Format Version 12.00
# Visual Studio 14
VisualStudioVersion = 14.0.25123.0
MinimumVisualStudioVersion = 10.0.40219.1
Project("{2150E333-8FDC-42A3-9474-1A3956D46DE8}") = "Temp", "Temp", "{63B216BC-37B4-459B-A468-4408000CFD60}"
EndProject
Project("{FAE04EC0-301F-11D3-BF4B-00C04F79EFBC}") = "JI.Api", "JI.Api\JI.Api.csproj", "{55F7FD5E-A3A5-4695-A33F-279D64B3408D}"
EndProject
Project("{FAE04EC0-301F-11D3-BF4B-00C04F79EFBC}") = "JI.Common.Contracts", "JI.Common.Mapper\JI.Common.Contracts.csproj", "{A091CF6F-140D-4D30-AAA0-326592D0F5FD}"
EndProject
Project("{00D1A9C2-B5F0-4AF3-8072-F6C62B433612}") = "JI.DatabaseScripts", "JI.DatabaseScripts\JI.DatabaseScripts.sqlproj", "{ECADE1D5-4CC1-4DB3-ABE3-4ED00E8E0D4E}"
EndProject
Project("{FAE04EC0-301F-11D3-BF4B-00C04F79EFBC}") = "JI.Identity.Models", "JI.Identity.Models\JI.Identity.Models.csproj", "{383DC084-A33D-44B3-9473-C0A52C63D5FD}"
EndProject
Project("{FAE04EC0-301F-11D3-BF4B-00C04F79EFBC}") = "JI.DataStorageAccess", "JI.DataStorageAccess\JI.DataStorageAccess.csproj", "{FF57212D-D410-46E8-9026-4FD564187B2E}"
EndProject
Project("{FAE04EC0-301F-11D3-BF4B-00C04F79EFBC}") = "JI.Managers", "JI.Managers\JI.Managers.csproj", "{363D889B-FC33-42CF-8EE6-BC635907FA24}"
EndProject
Project("{2150E333-8FDC-42A3-9474-1A3956D46DE8}") = "Tools", "Tools", "{53DD8EF7-F750-4796-ACFB-C951F917EFEA}"
EndProject
Project("{FAE04EC0-301F-11D3-BF4B-00C04F79EFBC}") = "CmdWrapper", "CmdWrapper\CmdWrapper.csproj", "{A1DCDC3D-0ABE-43E0-835E-0A0D57DC1C45}"
EndProject
Project("{FAE04EC0-301F-11D3-BF4B-00C04F79EFBC}") = "Test", "Test\Test.csproj", "{6168A050-02F1-4353-9923-E88F41E4C3FF}"
EndProject
Global
	GlobalSection(SolutionConfigurationPlatforms) = preSolution
		Debug|Any CPU = Debug|Any CPU
		Release|Any CPU = Release|Any CPU
	EndGlobalSection
	GlobalSection(ProjectConfigurationPlatforms) = postSolution
		{55F7FD5E-A3A5-4695-A33F-279D64B3408D}.Debug|Any CPU.ActiveCfg = Debug|Any CPU
		{55F7FD5E-A3A5-4695-A33F-279D64B3408D}.Debug|Any CPU.Build.0 = Debug|Any CPU
		{55F7FD5E-A3A5-4695-A33F-279D64B3408D}.Release|Any CPU.ActiveCfg = Release|Any CPU
		{55F7FD5E-A3A5-4695-A33F-279D64B3408D}.Release|Any CPU.Build.0 = Release|Any CPU
		{A091CF6F-140D-4D30-AAA0-326592D0F5FD}.Debug|Any CPU.ActiveCfg = Debug|Any CPU
		{A091CF6F-140D-4D30-AAA0-326592D0F5FD}.Debug|Any CPU.Build.0 = Debug|Any CPU
		{A091CF6F-140D-4D30-AAA0-326592D0F5FD}.Release|Any CPU.ActiveCfg = Release|Any CPU
		{A091CF6F-140D-4D30-AAA0-326592D0F5FD}.Release|Any CPU.Build.0 = Release|Any CPU
		{ECADE1D5-4CC1-4DB3-ABE3-4ED00E8E0D4E}.Debug|Any CPU.ActiveCfg = Debug|Any CPU
		{ECADE1D5-4CC1-4DB3-ABE3-4ED00E8E0D4E}.Debug|Any CPU.Build.0 = Debug|Any CPU
		{ECADE1D5-4CC1-4DB3-ABE3-4ED00E8E0D4E}.Debug|Any CPU.Deploy.0 = Debug|Any CPU
		{ECADE1D5-4CC1-4DB3-ABE3-4ED00E8E0D4E}.Release|Any CPU.ActiveCfg = Release|Any CPU
		{ECADE1D5-4CC1-4DB3-ABE3-4ED00E8E0D4E}.Release|Any CPU.Build.0 = Release|Any CPU
		{ECADE1D5-4CC1-4DB3-ABE3-4ED00E8E0D4E}.Release|Any CPU.Deploy.0 = Release|Any CPU
		{383DC084-A33D-44B3-9473-C0A52C63D5FD}.Debug|Any CPU.ActiveCfg = Debug|Any CPU
		{383DC084-A33D-44B3-9473-C0A52C63D5FD}.Debug|Any CPU.Build.0 = Debug|Any CPU
		{383DC084-A33D-44B3-9473-C0A52C63D5FD}.Release|Any CPU.ActiveCfg = Release|Any CPU
		{383DC084-A33D-44B3-9473-C0A52C63D5FD}.Release|Any CPU.Build.0 = Release|Any CPU
		{FF57212D-D410-46E8-9026-4FD564187B2E}.Debug|Any CPU.ActiveCfg = Debug|Any CPU
		{FF57212D-D410-46E8-9026-4FD564187B2E}.Debug|Any CPU.Build.0 = Debug|Any CPU
		{FF57212D-D410-46E8-9026-4FD564187B2E}.Release|Any CPU.ActiveCfg = Release|Any CPU
		{FF57212D-D410-46E8-9026-4FD564187B2E}.Release|Any CPU.Build.0 = Release|Any CPU
		{363D889B-FC33-42CF-8EE6-BC635907FA24}.Debug|Any CPU.ActiveCfg = Debug|Any CPU
		{363D889B-FC33-42CF-8EE6-BC635907FA24}.Debug|Any CPU.Build.0 = Debug|Any CPU
		{363D889B-FC33-42CF-8EE6-BC635907FA24}.Release|Any CPU.ActiveCfg = Release|Any CPU
		{363D889B-FC33-42CF-8EE6-BC635907FA24}.Release|Any CPU.Build.0 = Release|Any CPU
		{A1DCDC3D-0ABE-43E0-835E-0A0D57DC1C45}.Debug|Any CPU.ActiveCfg = Debug|Any CPU
		{A1DCDC3D-0ABE-43E0-835E-0A0D57DC1C45}.Debug|Any CPU.Build.0 = Debug|Any CPU
		{A1DCDC3D-0ABE-43E0-835E-0A0D57DC1C45}.Release|Any CPU.ActiveCfg = Release|Any CPU
		{A1DCDC3D-0ABE-43E0-835E-0A0D57DC1C45}.Release|Any CPU.Build.0 = Release|Any CPU
		{6168A050-02F1-4353-9923-E88F41E4C3FF}.Debug|Any CPU.ActiveCfg = Debug|Any CPU
		{6168A050-02F1-4353-9923-E88F41E4C3FF}.Debug|Any CPU.Build.0 = Debug|Any CPU
		{6168A050-02F1-4353-9923-E88F41E4C3FF}.Release|Any CPU.ActiveCfg = Release|Any CPU
		{6168A050-02F1-4353-9923-E88F41E4C3FF}.Release|Any CPU.Build.0 = Release|Any CPU
	EndGlobalSection
	GlobalSection(SolutionProperties) = preSolution
		HideSolutionNode = FALSE
	EndGlobalSection
	GlobalSection(NestedProjects) = preSolution
		{A1DCDC3D-0ABE-43E0-835E-0A0D57DC1C45} = {53DD8EF7-F750-4796-ACFB-C951F917EFEA}
		{6168A050-02F1-4353-9923-E88F41E4C3FF} = {63B216BC-37B4-459B-A468-4408000CFD60}
	EndGlobalSection
EndGlobal
